# THIS IS AN AUTOGENERATED FILE. DO NOT EDIT THIS FILE DIRECTLY.
# yarn lockfile v1


"@types/bcryptjs@^2.4.0":
  version "2.4.0"
  resolved "https://registry.yarnpkg.com/@types/bcryptjs/-/bcryptjs-2.4.0.tgz#6b78a7c4fdbc1e2f1b5b53d9ed00b9d88c377604"

"@types/lodash@^4.14.66":
  version "4.14.66"
  resolved "https://registry.yarnpkg.com/@types/lodash/-/lodash-4.14.66.tgz#3dbb83477becf130611f8fac82a8fdb199805981"

bcryptjs@^2.4.3:
  version "2.4.3"
  resolved "https://registry.yarnpkg.com/bcryptjs/-/bcryptjs-2.4.3.tgz#9ab5627b93e60621ff7cdac5da9733027df1d0cb"

lodash@^4.17.4:
  version "4.17.4"
  resolved "https://registry.yarnpkg.com/lodash/-/lodash-4.17.4.tgz#78203a4d1c328ae1d86dca6460e369b57f4055ae"
